// !$*UTF8*$!
{
	archiveVersion = 1;
	classes = {
	};
	objectVersion = 50;
	objects = {

/* Begin PBXBuildFile section */
		E00A8CB125E8265600234F5D /* Date+Ex.swift in Sources */ = {isa = PBXBuildFile; fileRef = E00A8CB025E8265600234F5D /* Date+Ex.swift */; };
		E057EAE525EC0AB500D7DCBF /* swiftlint.yml in Resources */ = {isa = PBXBuildFile; fileRef = E057EAE425EC0AB500D7DCBF /* swiftlint.yml */; };
		E0AC03C925DE760A000C5963 /* EditinfoController.swift in Sources */ = {isa = PBXBuildFile; fileRef = E0AC03C825DE7609000C5963 /* EditinfoController.swift */; };
		E0B198A225DEEA990062D83A /* NAUserCardinfo.swift in Sources */ = {isa = PBXBuildFile; fileRef = E0B198A125DEEA990062D83A /* NAUserCardinfo.swift */; };
		E0B198A525DEEB170062D83A /* NPLocation.swift in Sources */ = {isa = PBXBuildFile; fileRef = E0B198A425DEEB170062D83A /* NPLocation.swift */; };
		E0B748D325E70DF8001E09CF /* ShowContactController.swift in Sources */ = {isa = PBXBuildFile; fileRef = E0B748D225E70DF8001E09CF /* ShowContactController.swift */; };
		E0BBAED625DAD4FC001FF44A /* AppDelegate.swift in Sources */ = {isa = PBXBuildFile; fileRef = E0BBAED525DAD4FC001FF44A /* AppDelegate.swift */; };
		E0BBAED825DAD4FC001FF44A /* SceneDelegate.swift in Sources */ = {isa = PBXBuildFile; fileRef = E0BBAED725DAD4FC001FF44A /* SceneDelegate.swift */; };
		E0BBAEDA25DAD4FC001FF44A /* ViewController.swift in Sources */ = {isa = PBXBuildFile; fileRef = E0BBAED925DAD4FC001FF44A /* ViewController.swift */; };
		E0BBAEDD25DAD4FC001FF44A /* Main.storyboard in Resources */ = {isa = PBXBuildFile; fileRef = E0BBAEDB25DAD4FC001FF44A /* Main.storyboard */; };
		E0BBAEDF25DAD4FE001FF44A /* Assets.xcassets in Resources */ = {isa = PBXBuildFile; fileRef = E0BBAEDE25DAD4FE001FF44A /* Assets.xcassets */; };
		E0BBAEE225DAD4FE001FF44A /* LaunchScreen.storyboard in Resources */ = {isa = PBXBuildFile; fileRef = E0BBAEE025DAD4FE001FF44A /* LaunchScreen.storyboard */; };
		E0BBAEEB25DADF5D001FF44A /* RoundedeShadowView.swift in Sources */ = {isa = PBXBuildFile; fileRef = E0BBAEEA25DADF5D001FF44A /* RoundedeShadowView.swift */; };
		E0BBAEF125DAEDCA001FF44A /* TitleDescriptionView.swift in Sources */ = {isa = PBXBuildFile; fileRef = E0BBAEF025DAEDCA001FF44A /* TitleDescriptionView.swift */; };
		E0BBAEF425DAEE0F001FF44A /* TitleDescriptionView.xib in Resources */ = {isa = PBXBuildFile; fileRef = E0BBAEF325DAEE0F001FF44A /* TitleDescriptionView.xib */; };
		E0BBAEF725DAF047001FF44A /* UIView+Ext.swift in Sources */ = {isa = PBXBuildFile; fileRef = E0BBAEF625DAF047001FF44A /* UIView+Ext.swift */; };
/* End PBXBuildFile section */

/* Begin PBXFileReference section */
		E00A8CB025E8265600234F5D /* Date+Ex.swift */ = {isa = PBXFileReference; lastKnownFileType = sourcecode.swift; path = "Date+Ex.swift"; sourceTree = "<group>"; };
		E057EAE425EC0AB500D7DCBF /* swiftlint.yml */ = {isa = PBXFileReference; fileEncoding = 4; lastKnownFileType = text.yaml; path = swiftlint.yml; sourceTree = "<group>"; };
		E0AC03C825DE7609000C5963 /* EditinfoController.swift */ = {isa = PBXFileReference; lastKnownFileType = sourcecode.swift; path = EditinfoController.swift; sourceTree = "<group>"; };
		E0B198A125DEEA990062D83A /* NAUserCardinfo.swift */ = {isa = PBXFileReference; lastKnownFileType = sourcecode.swift; path = NAUserCardinfo.swift; sourceTree = "<group>"; };
		E0B198A425DEEB170062D83A /* NPLocation.swift */ = {isa = PBXFileReference; lastKnownFileType = sourcecode.swift; path = NPLocation.swift; sourceTree = "<group>"; };
		E0B748D225E70DF8001E09CF /* ShowContactController.swift */ = {isa = PBXFileReference; lastKnownFileType = sourcecode.swift; path = ShowContactController.swift; sourceTree = "<group>"; };
		E0BBAED225DAD4FC001FF44A /* NavigationApp.app */ = {isa = PBXFileReference; explicitFileType = wrapper.application; includeInIndex = 0; path = NavigationApp.app; sourceTree = BUILT_PRODUCTS_DIR; };
		E0BBAED525DAD4FC001FF44A /* AppDelegate.swift */ = {isa = PBXFileReference; lastKnownFileType = sourcecode.swift; path = AppDelegate.swift; sourceTree = "<group>"; };
		E0BBAED725DAD4FC001FF44A /* SceneDelegate.swift */ = {isa = PBXFileReference; lastKnownFileType = sourcecode.swift; path = SceneDelegate.swift; sourceTree = "<group>"; };
		E0BBAED925DAD4FC001FF44A /* ViewController.swift */ = {isa = PBXFileReference; lastKnownFileType = sourcecode.swift; path = ViewController.swift; sourceTree = "<group>"; };
		E0BBAEDC25DAD4FC001FF44A /* Base */ = {isa = PBXFileReference; lastKnownFileType = file.storyboard; name = Base; path = Base.lproj/Main.storyboard; sourceTree = "<group>"; };
		E0BBAEDE25DAD4FE001FF44A /* Assets.xcassets */ = {isa = PBXFileReference; lastKnownFileType = folder.assetcatalog; path = Assets.xcassets; sourceTree = "<group>"; };
		E0BBAEE125DAD4FE001FF44A /* Base */ = {isa = PBXFileReference; lastKnownFileType = file.storyboard; name = Base; path = Base.lproj/LaunchScreen.storyboard; sourceTree = "<group>"; };
		E0BBAEE325DAD4FF001FF44A /* Info.plist */ = {isa = PBXFileReference; lastKnownFileType = text.plist.xml; path = Info.plist; sourceTree = "<group>"; };
		E0BBAEEA25DADF5D001FF44A /* RoundedeShadowView.swift */ = {isa = PBXFileReference; lastKnownFileType = sourcecode.swift; path = RoundedeShadowView.swift; sourceTree = "<group>"; };
		E0BBAEF025DAEDCA001FF44A /* TitleDescriptionView.swift */ = {isa = PBXFileReference; lastKnownFileType = sourcecode.swift; path = TitleDescriptionView.swift; sourceTree = "<group>"; };
		E0BBAEF325DAEE0F001FF44A /* TitleDescriptionView.xib */ = {isa = PBXFileReference; lastKnownFileType = file.xib; path = TitleDescriptionView.xib; sourceTree = "<group>"; };
		E0BBAEF625DAF047001FF44A /* UIView+Ext.swift */ = {isa = PBXFileReference; lastKnownFileType = sourcecode.swift; path = "UIView+Ext.swift"; sourceTree = "<group>"; };
/* End PBXFileReference section */

/* Begin PBXFrameworksBuildPhase section */
		E0BBAECF25DAD4FC001FF44A /* Frameworks */ = {
			isa = PBXFrameworksBuildPhase;
			buildActionMask = 2147483647;
			files = (
			);
			runOnlyForDeploymentPostprocessing = 0;
		};
/* End PBXFrameworksBuildPhase section */

/* Begin PBXGroup section */
		E0B1989825DEE7C30062D83A /* Resources */ = {
			isa = PBXGroup;
			children = (
				E0BBAEDE25DAD4FE001FF44A /* Assets.xcassets */,
				E0BBAEE025DAD4FE001FF44A /* LaunchScreen.storyboard */,
			);
			path = Resources;
			sourceTree = "<group>";
		};
		E0B1989B25DEE8380062D83A /* Extensions */ = {
			isa = PBXGroup;
			children = (
				E0BBAEF625DAF047001FF44A /* UIView+Ext.swift */,
				E00A8CB025E8265600234F5D /* Date+Ex.swift */,
			);
			path = Extensions;
			sourceTree = "<group>";
		};
		E0B1989C25DEE8950062D83A /* Controllers */ = {
			isa = PBXGroup;
			children = (
				E0BBAED925DAD4FC001FF44A /* ViewController.swift */,
				E0AC03C825DE7609000C5963 /* EditinfoController.swift */,
				E0B748D225E70DF8001E09CF /* ShowContactController.swift */,
			);
			path = Controllers;
			sourceTree = "<group>";
		};
		E0B1989D25DEE8B20062D83A /* Views */ = {
			isa = PBXGroup;
			children = (
				E0B1989E25DEE8DD0062D83A /* Xibs */,
				E0BBAEEA25DADF5D001FF44A /* RoundedeShadowView.swift */,
				E0BBAEF025DAEDCA001FF44A /* TitleDescriptionView.swift */,
			);
			path = Views;
			sourceTree = "<group>";
		};
		E0B1989E25DEE8DD0062D83A /* Xibs */ = {
			isa = PBXGroup;
			children = (
				E0BBAEF325DAEE0F001FF44A /* TitleDescriptionView.xib */,
			);
			path = Xibs;
			sourceTree = "<group>";
		};
		E0B198A025DEE98A0062D83A /* Models */ = {
			isa = PBXGroup;
			children = (
				E0B198A125DEEA990062D83A /* NAUserCardinfo.swift */,
				E0B198A425DEEB170062D83A /* NPLocation.swift */,
			);
			path = Models;
			sourceTree = "<group>";
		};
		E0BBAEC925DAD4FC001FF44A = {
			isa = PBXGroup;
			children = (
				E057EAE425EC0AB500D7DCBF /* swiftlint.yml */,
				E0BBAED425DAD4FC001FF44A /* NavigationApp */,
				E0BBAED325DAD4FC001FF44A /* Products */,
			);
			sourceTree = "<group>";
		};
		E0BBAED325DAD4FC001FF44A /* Products */ = {
			isa = PBXGroup;
			children = (
				E0BBAED225DAD4FC001FF44A /* NavigationApp.app */,
			);
			name = Products;
			sourceTree = "<group>";
		};
		E0BBAED425DAD4FC001FF44A /* NavigationApp */ = {
			isa = PBXGroup;
			children = (
				E0B198A025DEE98A0062D83A /* Models */,
				E0B1989D25DEE8B20062D83A /* Views */,
				E0B1989C25DEE8950062D83A /* Controllers */,
				E0B1989B25DEE8380062D83A /* Extensions */,
				E0B1989825DEE7C30062D83A /* Resources */,
				E0BBAED525DAD4FC001FF44A /* AppDelegate.swift */,
				E0BBAED725DAD4FC001FF44A /* SceneDelegate.swift */,
				E0BBAEDB25DAD4FC001FF44A /* Main.storyboard */,
				E0BBAEE325DAD4FF001FF44A /* Info.plist */,
			);
			path = NavigationApp;
			sourceTree = "<group>";
		};
/* End PBXGroup section */

/* Begin PBXNativeTarget section */
		E0BBAED125DAD4FC001FF44A /* NavigationApp */ = {
			isa = PBXNativeTarget;
			buildConfigurationList = E0BBAEE625DAD4FF001FF44A /* Build configuration list for PBXNativeTarget "NavigationApp" */;
			buildPhases = (
				E057EAE725EC0EEB00D7DCBF /* ShellScript */,
				E0BBAECE25DAD4FC001FF44A /* Sources */,
				E0BBAECF25DAD4FC001FF44A /* Frameworks */,
				E0BBAED025DAD4FC001FF44A /* Resources */,
			);
			buildRules = (
			);
			dependencies = (
			);
			name = NavigationApp;
			productName = NavigationApp;
			productReference = E0BBAED225DAD4FC001FF44A /* NavigationApp.app */;
			productType = "com.apple.product-type.application";
		};
/* End PBXNativeTarget section */

/* Begin PBXProject section */
		E0BBAECA25DAD4FC001FF44A /* Project object */ = {
			isa = PBXProject;
			attributes = {
				LastSwiftUpdateCheck = 1240;
				LastUpgradeCheck = 1240;
				TargetAttributes = {
					E0BBAED125DAD4FC001FF44A = {
						CreatedOnToolsVersion = 12.4;
					};
				};
			};
			buildConfigurationList = E0BBAECD25DAD4FC001FF44A /* Build configuration list for PBXProject "NavigationApp" */;
			compatibilityVersion = "Xcode 9.3";
			developmentRegion = en;
			hasScannedForEncodings = 0;
			knownRegions = (
				en,
				Base,
			);
			mainGroup = E0BBAEC925DAD4FC001FF44A;
			productRefGroup = E0BBAED325DAD4FC001FF44A /* Products */;
			projectDirPath = "";
			projectRoot = "";
			targets = (
				E0BBAED125DAD4FC001FF44A /* NavigationApp */,
			);
		};
/* End PBXProject section */

/* Begin PBXResourcesBuildPhase section */
		E0BBAED025DAD4FC001FF44A /* Resources */ = {
			isa = PBXResourcesBuildPhase;
			buildActionMask = 2147483647;
			files = (
				E0BBAEE225DAD4FE001FF44A /* LaunchScreen.storyboard in Resources */,
				E057EAE525EC0AB500D7DCBF /* swiftlint.yml in Resources */,
				E0BBAEDF25DAD4FE001FF44A /* Assets.xcassets in Resources */,
				E0BBAEF425DAEE0F001FF44A /* TitleDescriptionView.xib in Resources */,
				E0BBAEDD25DAD4FC001FF44A /* Main.storyboard in Resources */,
			);
			runOnlyForDeploymentPostprocessing = 0;
		};
/* End PBXResourcesBuildPhase section */

/* Begin PBXShellScriptBuildPhase section */
		E057EAE725EC0EEB00D7DCBF /* ShellScript */ = {
			isa = PBXShellScriptBuildPhase;
			buildActionMask = 2147483647;
			files = (
			);
			inputFileListPaths = (
			);
			inputPaths = (
			);
			outputFileListPaths = (
			);
			outputPaths = (
			);
			runOnlyForDeploymentPostprocessing = 0;
			shellPath = /bin/sh;
			shellScript = "
";
		};
/* End PBXShellScriptBuildPhase section */

/* Begin PBXSourcesBuildPhase section */
		E0BBAECE25DAD4FC001FF44A /* Sources */ = {
			isa = PBXSourcesBuildPhase;
			buildActionMask = 2147483647;
			files = (
				E00A8CB125E8265600234F5D /* Date+Ex.swift in Sources */,
				E0BBAEDA25DAD4FC001FF44A /* ViewController.swift in Sources */,
				E0B748D325E70DF8001E09CF /* ShowContactController.swift in Sources */,
				E0BBAED625DAD4FC001FF44A /* AppDelegate.swift in Sources */,
				E0B198A525DEEB170062D83A /* NPLocation.swift in Sources */,
				E0BBAEF725DAF047001FF44A /* UIView+Ext.swift in Sources */,
				E0B198A225DEEA990062D83A /* NAUserCardinfo.swift in Sources */,
				E0BBAEEB25DADF5D001FF44A /* RoundedeShadowView.swift in Sources */,
				E0BBAED825DAD4FC001FF44A /* SceneDelegate.swift in Sources */,
				E0BBAEF125DAEDCA001FF44A /* TitleDescriptionView.swift in Sources */,
				E0AC03C925DE760A000C5963 /* EditinfoController.swift in Sources */,
			);
			runOnlyForDeploymentPostprocessing = 0;
		};
/* End PBXSourcesBuildPhase section */

/* Begin PBXVariantGroup section */
		E0BBAEDB25DAD4FC001FF44A /* Main.storyboard */ = {
			isa = PBXVariantGroup;
			children = (
				E0BBAEDC25DAD4FC001FF44A /* Base */,
			);
			name = Main.storyboard;
			sourceTree = "<group>";
		};
		E0BBAEE025DAD4FE001FF44A /* LaunchScreen.storyboard */ = {
			isa = PBXVariantGroup;
			children = (
				E0BBAEE125DAD4FE001FF44A /* Base */,
			);
			name = LaunchScreen.storyboard;
			sourceTree = "<group>";
		};
/* End PBXVariantGroup section */

/* Begin XCBuildConfiguration section */
		E0BBAEE425DAD4FF001FF44A /* Debug */ = {
			isa = XCBuildConfiguration;
			buildSettings = {
				ALWAYS_SEARCH_USER_PATHS = NO;
				CLANG_ANALYZER_NONNULL = YES;
				CLANG_ANALYZER_NUMBER_OBJECT_CONVERSION = YES_AGGRESSIVE;
				CLANG_CXX_LANGUAGE_STANDARD = "gnu++14";
				CLANG_CXX_LIBRARY = "libc++";
				CLANG_ENABLE_MODULES = YES;
				CLANG_ENABLE_OBJC_ARC = YES;
				CLANG_ENABLE_OBJC_WEAK = YES;
				CLANG_WARN_BLOCK_CAPTURE_AUTORELEASING = YES;
				CLANG_WARN_BOOL_CONVERSION = YES;
				CLANG_WARN_COMMA = YES;
				CLANG_WARN_CONSTANT_CONVERSION = YES;
				CLANG_WARN_DEPRECATED_OBJC_IMPLEMENTATIONS = YES;
				CLANG_WARN_DIRECT_OBJC_ISA_USAGE = YES_ERROR;
				CLANG_WARN_DOCUMENTATION_COMMENTS = YES;
				CLANG_WARN_EMPTY_BODY = YES;
				CLANG_WARN_ENUM_CONVERSION = YES;
				CLANG_WARN_INFINITE_RECURSION = YES;
				CLANG_WARN_INT_CONVERSION = YES;
				CLANG_WARN_NON_LITERAL_NULL_CONVERSION = YES;
				CLANG_WARN_OBJC_IMPLICIT_RETAIN_SELF = YES;
				CLANG_WARN_OBJC_LITERAL_CONVERSION = YES;
				CLANG_WARN_OBJC_ROOT_CLASS = YES_ERROR;
				CLANG_WARN_QUOTED_INCLUDE_IN_FRAMEWORK_HEADER = YES;
				CLANG_WARN_RANGE_LOOP_ANALYSIS = YES;
				CLANG_WARN_STRICT_PROTOTYPES = YES;
				CLANG_WARN_SUSPICIOUS_MOVE = YES;
				CLANG_WARN_UNGUARDED_AVAILABILITY = YES_AGGRESSIVE;
				CLANG_WARN_UNREACHABLE_CODE = YES;
				CLANG_WARN__DUPLICATE_METHOD_MATCH = YES;
				COPY_PHASE_STRIP = NO;
				DEBUG_INFORMATION_FORMAT = dwarf;
				ENABLE_STRICT_OBJC_MSGSEND = YES;
				ENABLE_TESTABILITY = YES;
				GCC_C_LANGUAGE_STANDARD = gnu11;
				GCC_DYNAMIC_NO_PIC = NO;
				GCC_NO_COMMON_BLOCKS = YES;
				GCC_OPTIMIZATION_LEVEL = 0;
				GCC_PREPROCESSOR_DEFINITIONS = (
					"DEBUG=1",
					"$(inherited)",
				);
				GCC_WARN_64_TO_32_BIT_CONVERSION = YES;
				GCC_WARN_ABOUT_RETURN_TYPE = YES_ERROR;
				GCC_WARN_UNDECLARED_SELECTOR = YES;
				GCC_WARN_UNINITIALIZED_AUTOS = YES_AGGRESSIVE;
				GCC_WARN_UNUSED_FUNCTION = YES;
				GCC_WARN_UNUSED_VARIABLE = YES;
				IPHONEOS_DEPLOYMENT_TARGET = 14.4;
				MTL_ENABLE_DEBUG_INFO = INCLUDE_SOURCE;
				MTL_FAST_MATH = YES;
				ONLY_ACTIVE_ARCH = YES;
				SDKROOT = iphoneos;
				SWIFT_ACTIVE_COMPILATION_CONDITIONS = DEBUG;
				SWIFT_OPTIMIZATION_LEVEL = "-Onone";
			};
			name = Debug;
		};
		E0BBAEE525DAD4FF001FF44A /* Release */ = {
			isa = XCBuildConfiguration;
			buildSettings = {
				ALWAYS_SEARCH_USER_PATHS = NO;
				CLANG_ANALYZER_NONNULL = YES;
				CLANG_ANALYZER_NUMBER_OBJECT_CONVERSION = YES_AGGRESSIVE;
				CLANG_CXX_LANGUAGE_STANDARD = "gnu++14";
				CLANG_CXX_LIBRARY = "libc++";
				CLANG_ENABLE_MODULES = YES;
				CLANG_ENABLE_OBJC_ARC = YES;
				CLANG_ENABLE_OBJC_WEAK = YES;
				CLANG_WARN_BLOCK_CAPTURE_AUTORELEASING = YES;
				CLANG_WARN_BOOL_CONVERSION = YES;
				CLANG_WARN_COMMA = YES;
				CLANG_WARN_CONSTANT_CONVERSION = YES;
				CLANG_WARN_DEPRECATED_OBJC_IMPLEMENTATIONS = YES;
				CLANG_WARN_DIRECT_OBJC_ISA_USAGE = YES_ERROR;
				CLANG_WARN_DOCUMENTATION_COMMENTS = YES;
				CLANG_WARN_EMPTY_BODY = YES;
				CLANG_WARN_ENUM_CONVERSION = YES;
				CLANG_WARN_INFINITE_RECURSION = YES;
				CLANG_WARN_INT_CONVERSION = YES;
				CLANG_WARN_NON_LITERAL_NULL_CONVERSION = YES;
				CLANG_WARN_OBJC_IMPLICIT_RETAIN_SELF = YES;
				CLANG_WARN_OBJC_LITERAL_CONVERSION = YES;
				CLANG_WARN_OBJC_ROOT_CLASS = YES_ERROR;
				CLANG_WARN_QUOTED_INCLUDE_IN_FRAMEWORK_HEADER = YES;
				CLANG_WARN_RANGE_LOOP_ANALYSIS = YES;
				CLANG_WARN_STRICT_PROTOTYPES = YES;
				CLANG_WARN_SUSPICIOUS_MOVE = YES;
				CLANG_WARN_UNGUARDED_AVAILABILITY = YES_AGGRESSIVE;
				CLANG_WARN_UNREACHABLE_CODE = YES;
				CLANG_WARN__DUPLICATE_METHOD_MATCH = YES;
				COPY_PHASE_STRIP = NO;
				DEBUG_INFORMATION_FORMAT = "dwarf-with-dsym";
				ENABLE_NS_ASSERTIONS = NO;
				ENABLE_STRICT_OBJC_MSGSEND = YES;
				GCC_C_LANGUAGE_STANDARD = gnu11;
				GCC_NO_COMMON_BLOCKS = YES;
				GCC_WARN_64_TO_32_BIT_CONVERSION = YES;
				GCC_WARN_ABOUT_RETURN_TYPE = YES_ERROR;
				GCC_WARN_UNDECLARED_SELECTOR = YES;
				GCC_WARN_UNINITIALIZED_AUTOS = YES_AGGRESSIVE;
				GCC_WARN_UNUSED_FUNCTION = YES;
				GCC_WARN_UNUSED_VARIABLE = YES;
				IPHONEOS_DEPLOYMENT_TARGET = 14.4;
				MTL_ENABLE_DEBUG_INFO = NO;
				MTL_FAST_MATH = YES;
				SDKROOT = iphoneos;
				SWIFT_COMPILATION_MODE = wholemodule;
				SWIFT_OPTIMIZATION_LEVEL = "-O";
				VALIDATE_PRODUCT = YES;
			};
			name = Release;
		};
		E0BBAEE725DAD4FF001FF44A /* Debug */ = {
			isa = XCBuildConfiguration;
			buildSettings = {
				ASSETCATALOG_COMPILER_APPICON_NAME = AppIcon;
				ASSETCATALOG_COMPILER_GLOBAL_ACCENT_COLOR_NAME = AccentColor;
				CODE_SIGN_STYLE = Automatic;
				DEVELOPMENT_TEAM = Z6Y38XHK9J;
				INFOPLIST_FILE = NavigationApp/Info.plist;
				LD_RUNPATH_SEARCH_PATHS = (
					"$(inherited)",
					"@executable_path/Frameworks",
				);
				PRODUCT_BUNDLE_IDENTIFIER = by.soiko.NavigationApp;
				PRODUCT_NAME = "$(TARGET_NAME)";
				SWIFT_VERSION = 5.0;
				TARGETED_DEVICE_FAMILY = "1,2";
			};
			name = Debug;
		};
		E0BBAEE825DAD4FF001FF44A /* Release */ = {
			isa = XCBuildConfiguration;
			buildSettings = {
				ASSETCATALOG_COMPILER_APPICON_NAME = AppIcon;
				ASSETCATALOG_COMPILER_GLOBAL_ACCENT_COLOR_NAME = AccentColor;
				CODE_SIGN_STYLE = Automatic;
				DEVELOPMENT_TEAM = Z6Y38XHK9J;
				INFOPLIST_FILE = NavigationApp/Info.plist;
				LD_RUNPATH_SEARCH_PATHS = (
					"$(inherited)",
					"@executable_path/Frameworks",
				);
				PRODUCT_BUNDLE_IDENTIFIER = by.soiko.NavigationApp;
				PRODUCT_NAME = "$(TARGET_NAME)";
				SWIFT_VERSION = 5.0;
				TARGETED_DEVICE_FAMILY = "1,2";
			};
			name = Release;
		};
/* End XCBuildConfiguration section */

/* Begin XCConfigurationList section */
		E0BBAECD25DAD4FC001FF44A /* Build configuration list for PBXProject "NavigationApp" */ = {
			isa = XCConfigurationList;
			buildConfigurations = (
				E0BBAEE425DAD4FF001FF44A /* Debug */,
				E0BBAEE525DAD4FF001FF44A /* Release */,
			);
			defaultConfigurationIsVisible = 0;
			defaultConfigurationName = Release;
		};
		E0BBAEE625DAD4FF001FF44A /* Build configuration list for PBXNativeTarget "NavigationApp" */ = {
			isa = XCConfigurationList;
			buildConfigurations = (
				E0BBAEE725DAD4FF001FF44A /* Debug */,
				E0BBAEE825DAD4FF001FF44A /* Release */,
			);
			defaultConfigurationIsVisible = 0;
			defaultConfigurationName = Release;
		};
/* End XCConfigurationList section */
	};
	rootObject = E0BBAECA25DAD4FC001FF44A /* Project object */;
}
